
Microsoft Visual Studio Solution File, Format Version 12.00
# Visual Studio Version 17
VisualStudioVersion = 17.9.34728.123
MinimumVisualStudioVersion = 10.0.40219.1
Project("{FAE04EC0-301F-11D3-BF4B-00C04F79EFBC}") = "NonsensicalPatch.Core", "NonsensicalPatch.Core\NonsensicalPatch.Core.csproj", "{0DD8C6D9-01FA-4978-9B98-26FA19345089}"
EndProject
Project("{FAE04EC0-301F-11D3-BF4B-00C04F79EFBC}") = "NonsensicalPatcher", "NonsensicalPatcher\NonsensicalPatcher.csproj", "{2169F4F0-738B-48D1-BBF5-858DE8CB08EA}"
EndProject
Project("{FAE04EC0-301F-11D3-BF4B-00C04F79EFBC}") = "NonsensicalPatchUpdater", "NonsensicalPatchUpdater\NonsensicalPatchUpdater.csproj", "{12E2417E-76A7-45A5-A122-E8B4DDBFBC62}"
EndProject
Global
	GlobalSection(SolutionConfigurationPlatforms) = preSolution
		Debug|Any CPU = Debug|Any CPU
		Release|Any CPU = Release|Any CPU
	EndGlobalSection
	GlobalSection(ProjectConfigurationPlatforms) = postSolution
		{0DD8C6D9-01FA-4978-9B98-26FA19345089}.Debug|Any CPU.ActiveCfg = Debug|Any CPU
		{0DD8C6D9-01FA-4978-9B98-26FA19345089}.Debug|Any CPU.Build.0 = Debug|Any CPU
		{0DD8C6D9-01FA-4978-9B98-26FA19345089}.Release|Any CPU.ActiveCfg = Release|Any CPU
		{0DD8C6D9-01FA-4978-9B98-26FA19345089}.Release|Any CPU.Build.0 = Release|Any CPU
		{2169F4F0-738B-48D1-BBF5-858DE8CB08EA}.Debug|Any CPU.ActiveCfg = Debug|Any CPU
		{2169F4F0-738B-48D1-BBF5-858DE8CB08EA}.Debug|Any CPU.Build.0 = Debug|Any CPU
		{2169F4F0-738B-48D1-BBF5-858DE8CB08EA}.Release|Any CPU.ActiveCfg = Release|Any CPU
		{2169F4F0-738B-48D1-BBF5-858DE8CB08EA}.Release|Any CPU.Build.0 = Release|Any CPU
		{12E2417E-76A7-45A5-A122-E8B4DDBFBC62}.Debug|Any CPU.ActiveCfg = Debug|Any CPU
		{12E2417E-76A7-45A5-A122-E8B4DDBFBC62}.Debug|Any CPU.Build.0 = Debug|Any CPU
		{12E2417E-76A7-45A5-A122-E8B4DDBFBC62}.Release|Any CPU.ActiveCfg = Release|Any CPU
		{12E2417E-76A7-45A5-A122-E8B4DDBFBC62}.Release|Any CPU.Build.0 = Release|Any CPU
	EndGlobalSection
	GlobalSection(SolutionProperties) = preSolution
		HideSolutionNode = FALSE
	EndGlobalSection
	GlobalSection(ExtensibilityGlobals) = postSolution
		SolutionGuid = {ED53F7EC-A8E4-4B55-A35A-4A4D980FDECB}
	EndGlobalSection
EndGlobal
